// !$*UTF8*$!
{
	archiveVersion = 1;
	classes = {
	};
	objectVersion = 55;
	objects = {

/* Begin PBXBuildFile section */
		FAB87B682A3C3B0E00350C26 /* AppDelegate.swift in Sources */ = {isa = PBXBuildFile; fileRef = FAB87B672A3C3B0E00350C26 /* AppDelegate.swift */; };
		FAB87B712A3C3B1400350C26 /* Assets.xcassets in Resources */ = {isa = PBXBuildFile; fileRef = FAB87B702A3C3B1400350C26 /* Assets.xcassets */; };
		FAB87B742A3C3B1400350C26 /* LaunchScreen.storyboard in Resources */ = {isa = PBXBuildFile; fileRef = FAB87B722A3C3B1400350C26 /* LaunchScreen.storyboard */; };
		FAB87B802A3C40F500350C26 /* MainViewController.swift in Sources */ = {isa = PBXBuildFile; fileRef = FAB87B7E2A3C40F500350C26 /* MainViewController.swift */; };
		FAB87B812A3C40F500350C26 /* MainViewController.xib in Resources */ = {isa = PBXBuildFile; fileRef = FAB87B7F2A3C40F500350C26 /* MainViewController.xib */; };
		FAB87B8B2A3C54B900350C26 /* MainViewController+TableView.swift in Sources */ = {isa = PBXBuildFile; fileRef = FAB87B8A2A3C54B900350C26 /* MainViewController+TableView.swift */; };
		FAB87B8D2A3C55C800350C26 /* MainViewModel.swift in Sources */ = {isa = PBXBuildFile; fileRef = FAB87B8C2A3C55C800350C26 /* MainViewModel.swift */; };
		FAB87B8F2A3C5E6600350C26 /* NetworkConstants.swift in Sources */ = {isa = PBXBuildFile; fileRef = FAB87B8E2A3C5E6600350C26 /* NetworkConstants.swift */; };
		FAB87B912A3C5F5500350C26 /* APICaller.swift in Sources */ = {isa = PBXBuildFile; fileRef = FAB87B902A3C5F5500350C26 /* APICaller.swift */; };
		FAB87B932A3C5F9200350C26 /* TrendingMoviesModel.swift in Sources */ = {isa = PBXBuildFile; fileRef = FAB87B922A3C5F9200350C26 /* TrendingMoviesModel.swift */; };
/* End PBXBuildFile section */

/* Begin PBXFileReference section */
		FAB87B642A3C3B0E00350C26 /* FilmStudio.app */ = {isa = PBXFileReference; explicitFileType = wrapper.application; includeInIndex = 0; path = FilmStudio.app; sourceTree = BUILT_PRODUCTS_DIR; };
		FAB87B672A3C3B0E00350C26 /* AppDelegate.swift */ = {isa = PBXFileReference; lastKnownFileType = sourcecode.swift; path = AppDelegate.swift; sourceTree = "<group>"; };
		FAB87B702A3C3B1400350C26 /* Assets.xcassets */ = {isa = PBXFileReference; lastKnownFileType = folder.assetcatalog; path = Assets.xcassets; sourceTree = "<group>"; };
		FAB87B732A3C3B1400350C26 /* Base */ = {isa = PBXFileReference; lastKnownFileType = file.storyboard; name = Base; path = Base.lproj/LaunchScreen.storyboard; sourceTree = "<group>"; };
		FAB87B752A3C3B1400350C26 /* Info.plist */ = {isa = PBXFileReference; lastKnownFileType = text.plist.xml; path = Info.plist; sourceTree = "<group>"; };
		FAB87B7E2A3C40F500350C26 /* MainViewController.swift */ = {isa = PBXFileReference; lastKnownFileType = sourcecode.swift; path = MainViewController.swift; sourceTree = "<group>"; };
		FAB87B7F2A3C40F500350C26 /* MainViewController.xib */ = {isa = PBXFileReference; lastKnownFileType = file.xib; path = MainViewController.xib; sourceTree = "<group>"; };
		FAB87B8A2A3C54B900350C26 /* MainViewController+TableView.swift */ = {isa = PBXFileReference; lastKnownFileType = sourcecode.swift; path = "MainViewController+TableView.swift"; sourceTree = "<group>"; };
		FAB87B8C2A3C55C800350C26 /* MainViewModel.swift */ = {isa = PBXFileReference; lastKnownFileType = sourcecode.swift; path = MainViewModel.swift; sourceTree = "<group>"; };
		FAB87B8E2A3C5E6600350C26 /* NetworkConstants.swift */ = {isa = PBXFileReference; lastKnownFileType = sourcecode.swift; path = NetworkConstants.swift; sourceTree = "<group>"; };
		FAB87B902A3C5F5500350C26 /* APICaller.swift */ = {isa = PBXFileReference; lastKnownFileType = sourcecode.swift; path = APICaller.swift; sourceTree = "<group>"; };
		FAB87B922A3C5F9200350C26 /* TrendingMoviesModel.swift */ = {isa = PBXFileReference; lastKnownFileType = sourcecode.swift; path = TrendingMoviesModel.swift; sourceTree = "<group>"; };
/* End PBXFileReference section */

/* Begin PBXFrameworksBuildPhase section */
		FAB87B612A3C3B0D00350C26 /* Frameworks */ = {
			isa = PBXFrameworksBuildPhase;
			buildActionMask = 2147483647;
			files = (
			);
			runOnlyForDeploymentPostprocessing = 0;
		};
/* End PBXFrameworksBuildPhase section */

/* Begin PBXGroup section */
		FAB87B5B2A3C3B0D00350C26 = {
			isa = PBXGroup;
			children = (
				FAB87B662A3C3B0E00350C26 /* FilmStudio */,
				FAB87B652A3C3B0E00350C26 /* Products */,
			);
			sourceTree = "<group>";
		};
		FAB87B652A3C3B0E00350C26 /* Products */ = {
			isa = PBXGroup;
			children = (
				FAB87B642A3C3B0E00350C26 /* FilmStudio.app */,
			);
			name = Products;
			sourceTree = "<group>";
		};
		FAB87B662A3C3B0E00350C26 /* FilmStudio */ = {
			isa = PBXGroup;
			children = (
				FAB87B892A3C43D100350C26 /* Networking */,
				FAB87B882A3C43C700350C26 /* Extensions */,
				FAB87B872A3C43BA00350C26 /* Resources */,
				FAB87B862A3C43B200350C26 /* Classes */,
				FAB87B852A3C43AA00350C26 /* Model */,
				FAB87B842A3C439E00350C26 /* Controllers */,
				FAB87B832A3C439600350C26 /* ViewModel */,
				FAB87B822A3C439000350C26 /* View */,
				FAB87B672A3C3B0E00350C26 /* AppDelegate.swift */,
				FAB87B752A3C3B1400350C26 /* Info.plist */,
			);
			path = FilmStudio;
			sourceTree = "<group>";
		};
		FAB87B7B2A3C3BFA00350C26 /* MainViewController */ = {
			isa = PBXGroup;
			children = (
				FAB87B7E2A3C40F500350C26 /* MainViewController.swift */,
				FAB87B7F2A3C40F500350C26 /* MainViewController.xib */,
				FAB87B8A2A3C54B900350C26 /* MainViewController+TableView.swift */,
			);
			path = MainViewController;
			sourceTree = "<group>";
		};
		FAB87B822A3C439000350C26 /* View */ = {
			isa = PBXGroup;
			children = (
				FAB87B722A3C3B1400350C26 /* LaunchScreen.storyboard */,
			);
			path = View;
			sourceTree = "<group>";
		};
		FAB87B832A3C439600350C26 /* ViewModel */ = {
			isa = PBXGroup;
			children = (
				FAB87B8C2A3C55C800350C26 /* MainViewModel.swift */,
			);
			path = ViewModel;
			sourceTree = "<group>";
		};
		FAB87B842A3C439E00350C26 /* Controllers */ = {
			isa = PBXGroup;
			children = (
				FAB87B7B2A3C3BFA00350C26 /* MainViewController */,
			);
			path = Controllers;
			sourceTree = "<group>";
		};
		FAB87B852A3C43AA00350C26 /* Model */ = {
			isa = PBXGroup;
			children = (
				FAB87B922A3C5F9200350C26 /* TrendingMoviesModel.swift */,
			);
			path = Model;
			sourceTree = "<group>";
		};
		FAB87B862A3C43B200350C26 /* Classes */ = {
			isa = PBXGroup;
			children = (
			);
			path = Classes;
			sourceTree = "<group>";
		};
		FAB87B872A3C43BA00350C26 /* Resources */ = {
			isa = PBXGroup;
			children = (
				FAB87B702A3C3B1400350C26 /* Assets.xcassets */,
			);
			path = Resources;
			sourceTree = "<group>";
		};
		FAB87B882A3C43C700350C26 /* Extensions */ = {
			isa = PBXGroup;
			children = (
			);
			path = Extensions;
			sourceTree = "<group>";
		};
		FAB87B892A3C43D100350C26 /* Networking */ = {
			isa = PBXGroup;
			children = (
				FAB87B8E2A3C5E6600350C26 /* NetworkConstants.swift */,
				FAB87B902A3C5F5500350C26 /* APICaller.swift */,
			);
			path = Networking;
			sourceTree = "<group>";
		};
/* End PBXGroup section */

/* Begin PBXNativeTarget section */
		FAB87B632A3C3B0D00350C26 /* FilmStudio */ = {
			isa = PBXNativeTarget;
			buildConfigurationList = FAB87B782A3C3B1400350C26 /* Build configuration list for PBXNativeTarget "FilmStudio" */;
			buildPhases = (
				FAB87B602A3C3B0D00350C26 /* Sources */,
				FAB87B612A3C3B0D00350C26 /* Frameworks */,
				FAB87B622A3C3B0D00350C26 /* Resources */,
			);
			buildRules = (
			);
			dependencies = (
			);
			name = FilmStudio;
			productName = FilmStudio;
			productReference = FAB87B642A3C3B0E00350C26 /* FilmStudio.app */;
			productType = "com.apple.product-type.application";
		};
/* End PBXNativeTarget section */

/* Begin PBXProject section */
		FAB87B5C2A3C3B0D00350C26 /* Project object */ = {
			isa = PBXProject;
			attributes = {
				BuildIndependentTargetsInParallel = 1;
				LastSwiftUpdateCheck = 1340;
				LastUpgradeCheck = 1340;
				TargetAttributes = {
					FAB87B632A3C3B0D00350C26 = {
						CreatedOnToolsVersion = 13.4.1;
					};
				};
			};
			buildConfigurationList = FAB87B5F2A3C3B0D00350C26 /* Build configuration list for PBXProject "FilmStudio" */;
			compatibilityVersion = "Xcode 13.0";
			developmentRegion = en;
			hasScannedForEncodings = 0;
			knownRegions = (
				en,
				Base,
			);
			mainGroup = FAB87B5B2A3C3B0D00350C26;
			productRefGroup = FAB87B652A3C3B0E00350C26 /* Products */;
			projectDirPath = "";
			projectRoot = "";
			targets = (
				FAB87B632A3C3B0D00350C26 /* FilmStudio */,
			);
		};
/* End PBXProject section */

/* Begin PBXResourcesBuildPhase section */
		FAB87B622A3C3B0D00350C26 /* Resources */ = {
			isa = PBXResourcesBuildPhase;
			buildActionMask = 2147483647;
			files = (
				FAB87B742A3C3B1400350C26 /* LaunchScreen.storyboard in Resources */,
				FAB87B812A3C40F500350C26 /* MainViewController.xib in Resources */,
				FAB87B712A3C3B1400350C26 /* Assets.xcassets in Resources */,
			);
			runOnlyForDeploymentPostprocessing = 0;
		};
/* End PBXResourcesBuildPhase section */

/* Begin PBXSourcesBuildPhase section */
		FAB87B602A3C3B0D00350C26 /* Sources */ = {
			isa = PBXSourcesBuildPhase;
			buildActionMask = 2147483647;
			files = (
				FAB87B682A3C3B0E00350C26 /* AppDelegate.swift in Sources */,
				FAB87B912A3C5F5500350C26 /* APICaller.swift in Sources */,
				FAB87B8B2A3C54B900350C26 /* MainViewController+TableView.swift in Sources */,
				FAB87B8F2A3C5E6600350C26 /* NetworkConstants.swift in Sources */,
				FAB87B802A3C40F500350C26 /* MainViewController.swift in Sources */,
				FAB87B8D2A3C55C800350C26 /* MainViewModel.swift in Sources */,
				FAB87B932A3C5F9200350C26 /* TrendingMoviesModel.swift in Sources */,
			);
			runOnlyForDeploymentPostprocessing = 0;
		};
/* End PBXSourcesBuildPhase section */

/* Begin PBXVariantGroup section */
		FAB87B722A3C3B1400350C26 /* LaunchScreen.storyboard */ = {
			isa = PBXVariantGroup;
			children = (
				FAB87B732A3C3B1400350C26 /* Base */,
			);
			name = LaunchScreen.storyboard;
			sourceTree = "<group>";
		};
/* End PBXVariantGroup section */

/* Begin XCBuildConfiguration section */
		FAB87B762A3C3B1400350C26 /* Debug */ = {
			isa = XCBuildConfiguration;
			buildSettings = {
				ALWAYS_SEARCH_USER_PATHS = NO;
				CLANG_ANALYZER_NONNULL = YES;
				CLANG_ANALYZER_NUMBER_OBJECT_CONVERSION = YES_AGGRESSIVE;
				CLANG_CXX_LANGUAGE_STANDARD = "gnu++17";
				CLANG_ENABLE_MODULES = YES;
				CLANG_ENABLE_OBJC_ARC = YES;
				CLANG_ENABLE_OBJC_WEAK = YES;
				CLANG_WARN_BLOCK_CAPTURE_AUTORELEASING = YES;
				CLANG_WARN_BOOL_CONVERSION = YES;
				CLANG_WARN_COMMA = YES;
				CLANG_WARN_CONSTANT_CONVERSION = YES;
				CLANG_WARN_DEPRECATED_OBJC_IMPLEMENTATIONS = YES;
				CLANG_WARN_DIRECT_OBJC_ISA_USAGE = YES_ERROR;
				CLANG_WARN_DOCUMENTATION_COMMENTS = YES;
				CLANG_WARN_EMPTY_BODY = YES;
				CLANG_WARN_ENUM_CONVERSION = YES;
				CLANG_WARN_INFINITE_RECURSION = YES;
				CLANG_WARN_INT_CONVERSION = YES;
				CLANG_WARN_NON_LITERAL_NULL_CONVERSION = YES;
				CLANG_WARN_OBJC_IMPLICIT_RETAIN_SELF = YES;
				CLANG_WARN_OBJC_LITERAL_CONVERSION = YES;
				CLANG_WARN_OBJC_ROOT_CLASS = YES_ERROR;
				CLANG_WARN_QUOTED_INCLUDE_IN_FRAMEWORK_HEADER = YES;
				CLANG_WARN_RANGE_LOOP_ANALYSIS = YES;
				CLANG_WARN_STRICT_PROTOTYPES = YES;
				CLANG_WARN_SUSPICIOUS_MOVE = YES;
				CLANG_WARN_UNGUARDED_AVAILABILITY = YES_AGGRESSIVE;
				CLANG_WARN_UNREACHABLE_CODE = YES;
				CLANG_WARN__DUPLICATE_METHOD_MATCH = YES;
				COPY_PHASE_STRIP = NO;
				DEBUG_INFORMATION_FORMAT = dwarf;
				ENABLE_STRICT_OBJC_MSGSEND = YES;
				ENABLE_TESTABILITY = YES;
				GCC_C_LANGUAGE_STANDARD = gnu11;
				GCC_DYNAMIC_NO_PIC = NO;
				GCC_NO_COMMON_BLOCKS = YES;
				GCC_OPTIMIZATION_LEVEL = 0;
				GCC_PREPROCESSOR_DEFINITIONS = (
					"DEBUG=1",
					"$(inherited)",
				);
				GCC_WARN_64_TO_32_BIT_CONVERSION = YES;
				GCC_WARN_ABOUT_RETURN_TYPE = YES_ERROR;
				GCC_WARN_UNDECLARED_SELECTOR = YES;
				GCC_WARN_UNINITIALIZED_AUTOS = YES_AGGRESSIVE;
				GCC_WARN_UNUSED_FUNCTION = YES;
				GCC_WARN_UNUSED_VARIABLE = YES;
				IPHONEOS_DEPLOYMENT_TARGET = 15.5;
				MTL_ENABLE_DEBUG_INFO = INCLUDE_SOURCE;
				MTL_FAST_MATH = YES;
				ONLY_ACTIVE_ARCH = YES;
				SDKROOT = iphoneos;
				SWIFT_ACTIVE_COMPILATION_CONDITIONS = DEBUG;
				SWIFT_OPTIMIZATION_LEVEL = "-Onone";
			};
			name = Debug;
		};
		FAB87B772A3C3B1400350C26 /* Release */ = {
			isa = XCBuildConfiguration;
			buildSettings = {
				ALWAYS_SEARCH_USER_PATHS = NO;
				CLANG_ANALYZER_NONNULL = YES;
				CLANG_ANALYZER_NUMBER_OBJECT_CONVERSION = YES_AGGRESSIVE;
				CLANG_CXX_LANGUAGE_STANDARD = "gnu++17";
				CLANG_ENABLE_MODULES = YES;
				CLANG_ENABLE_OBJC_ARC = YES;
				CLANG_ENABLE_OBJC_WEAK = YES;
				CLANG_WARN_BLOCK_CAPTURE_AUTORELEASING = YES;
				CLANG_WARN_BOOL_CONVERSION = YES;
				CLANG_WARN_COMMA = YES;
				CLANG_WARN_CONSTANT_CONVERSION = YES;
				CLANG_WARN_DEPRECATED_OBJC_IMPLEMENTATIONS = YES;
				CLANG_WARN_DIRECT_OBJC_ISA_USAGE = YES_ERROR;
				CLANG_WARN_DOCUMENTATION_COMMENTS = YES;
				CLANG_WARN_EMPTY_BODY = YES;
				CLANG_WARN_ENUM_CONVERSION = YES;
				CLANG_WARN_INFINITE_RECURSION = YES;
				CLANG_WARN_INT_CONVERSION = YES;
				CLANG_WARN_NON_LITERAL_NULL_CONVERSION = YES;
				CLANG_WARN_OBJC_IMPLICIT_RETAIN_SELF = YES;
				CLANG_WARN_OBJC_LITERAL_CONVERSION = YES;
				CLANG_WARN_OBJC_ROOT_CLASS = YES_ERROR;
				CLANG_WARN_QUOTED_INCLUDE_IN_FRAMEWORK_HEADER = YES;
				CLANG_WARN_RANGE_LOOP_ANALYSIS = YES;
				CLANG_WARN_STRICT_PROTOTYPES = YES;
				CLANG_WARN_SUSPICIOUS_MOVE = YES;
				CLANG_WARN_UNGUARDED_AVAILABILITY = YES_AGGRESSIVE;
				CLANG_WARN_UNREACHABLE_CODE = YES;
				CLANG_WARN__DUPLICATE_METHOD_MATCH = YES;
				COPY_PHASE_STRIP = NO;
				DEBUG_INFORMATION_FORMAT = "dwarf-with-dsym";
				ENABLE_NS_ASSERTIONS = NO;
				ENABLE_STRICT_OBJC_MSGSEND = YES;
				GCC_C_LANGUAGE_STANDARD = gnu11;
				GCC_NO_COMMON_BLOCKS = YES;
				GCC_WARN_64_TO_32_BIT_CONVERSION = YES;
				GCC_WARN_ABOUT_RETURN_TYPE = YES_ERROR;
				GCC_WARN_UNDECLARED_SELECTOR = YES;
				GCC_WARN_UNINITIALIZED_AUTOS = YES_AGGRESSIVE;
				GCC_WARN_UNUSED_FUNCTION = YES;
				GCC_WARN_UNUSED_VARIABLE = YES;
				IPHONEOS_DEPLOYMENT_TARGET = 15.5;
				MTL_ENABLE_DEBUG_INFO = NO;
				MTL_FAST_MATH = YES;
				SDKROOT = iphoneos;
				SWIFT_COMPILATION_MODE = wholemodule;
				SWIFT_OPTIMIZATION_LEVEL = "-O";
				VALIDATE_PRODUCT = YES;
			};
			name = Release;
		};
		FAB87B792A3C3B1400350C26 /* Debug */ = {
			isa = XCBuildConfiguration;
			buildSettings = {
				ASSETCATALOG_COMPILER_APPICON_NAME = AppIcon;
				ASSETCATALOG_COMPILER_GLOBAL_ACCENT_COLOR_NAME = AccentColor;
				CODE_SIGN_STYLE = Automatic;
				CURRENT_PROJECT_VERSION = 1;
				GENERATE_INFOPLIST_FILE = YES;
				INFOPLIST_FILE = FilmStudio/Info.plist;
				INFOPLIST_KEY_UIApplicationSupportsIndirectInputEvents = YES;
				INFOPLIST_KEY_UILaunchStoryboardName = LaunchScreen;
				INFOPLIST_KEY_UISupportedInterfaceOrientations_iPad = "UIInterfaceOrientationPortrait UIInterfaceOrientationPortraitUpsideDown UIInterfaceOrientationLandscapeLeft UIInterfaceOrientationLandscapeRight";
				INFOPLIST_KEY_UISupportedInterfaceOrientations_iPhone = "UIInterfaceOrientationPortrait UIInterfaceOrientationLandscapeLeft UIInterfaceOrientationLandscapeRight";
				LD_RUNPATH_SEARCH_PATHS = (
					"$(inherited)",
					"@executable_path/Frameworks",
				);
				MARKETING_VERSION = 1.0;
				PRODUCT_BUNDLE_IDENTIFIER = okan.FilmStudio;
				PRODUCT_NAME = "$(TARGET_NAME)";
				SWIFT_EMIT_LOC_STRINGS = YES;
				SWIFT_VERSION = 5.0;
				TARGETED_DEVICE_FAMILY = "1,2";
			};
			name = Debug;
		};
		FAB87B7A2A3C3B1400350C26 /* Release */ = {
			isa = XCBuildConfiguration;
			buildSettings = {
				ASSETCATALOG_COMPILER_APPICON_NAME = AppIcon;
				ASSETCATALOG_COMPILER_GLOBAL_ACCENT_COLOR_NAME = AccentColor;
				CODE_SIGN_STYLE = Automatic;
				CURRENT_PROJECT_VERSION = 1;
				GENERATE_INFOPLIST_FILE = YES;
				INFOPLIST_FILE = FilmStudio/Info.plist;
				INFOPLIST_KEY_UIApplicationSupportsIndirectInputEvents = YES;
				INFOPLIST_KEY_UILaunchStoryboardName = LaunchScreen;
				INFOPLIST_KEY_UISupportedInterfaceOrientations_iPad = "UIInterfaceOrientationPortrait UIInterfaceOrientationPortraitUpsideDown UIInterfaceOrientationLandscapeLeft UIInterfaceOrientationLandscapeRight";
				INFOPLIST_KEY_UISupportedInterfaceOrientations_iPhone = "UIInterfaceOrientationPortrait UIInterfaceOrientationLandscapeLeft UIInterfaceOrientationLandscapeRight";
				LD_RUNPATH_SEARCH_PATHS = (
					"$(inherited)",
					"@executable_path/Frameworks",
				);
				MARKETING_VERSION = 1.0;
				PRODUCT_BUNDLE_IDENTIFIER = okan.FilmStudio;
				PRODUCT_NAME = "$(TARGET_NAME)";
				SWIFT_EMIT_LOC_STRINGS = YES;
				SWIFT_VERSION = 5.0;
				TARGETED_DEVICE_FAMILY = "1,2";
			};
			name = Release;
		};
/* End XCBuildConfiguration section */

/* Begin XCConfigurationList section */
		FAB87B5F2A3C3B0D00350C26 /* Build configuration list for PBXProject "FilmStudio" */ = {
			isa = XCConfigurationList;
			buildConfigurations = (
				FAB87B762A3C3B1400350C26 /* Debug */,
				FAB87B772A3C3B1400350C26 /* Release */,
			);
			defaultConfigurationIsVisible = 0;
			defaultConfigurationName = Release;
		};
		FAB87B782A3C3B1400350C26 /* Build configuration list for PBXNativeTarget "FilmStudio" */ = {
			isa = XCConfigurationList;
			buildConfigurations = (
				FAB87B792A3C3B1400350C26 /* Debug */,
				FAB87B7A2A3C3B1400350C26 /* Release */,
			);
			defaultConfigurationIsVisible = 0;
			defaultConfigurationName = Release;
		};
/* End XCConfigurationList section */
	};
	rootObject = FAB87B5C2A3C3B0D00350C26 /* Project object */;
}
